
Microsoft Visual Studio Solution File, Format Version 12.00
# Visual Studio Version 17
VisualStudioVersion = 17.10.35013.160
MinimumVisualStudioVersion = 10.0.40219.1
Project("{FAE04EC0-301F-11D3-BF4B-00C04F79EFBC}") = "Assessment3", "Assessment3.csproj", "{BEEB7D8B-0442-418E-B2C3-90F6AEC7CB57}"
EndProject
Global
	GlobalSection(SolutionConfigurationPlatforms) = preSolution
		Debug|Any CPU = Debug|Any CPU
		Release|Any CPU = Release|Any CPU
	EndGlobalSection
	GlobalSection(ProjectConfigurationPlatforms) = postSolution
		{BEEB7D8B-0442-418E-B2C3-90F6AEC7CB57}.Debug|Any CPU.ActiveCfg = Debug|Any CPU
		{BEEB7D8B-0442-418E-B2C3-90F6AEC7CB57}.Debug|Any CPU.Build.0 = Debug|Any CPU
		{BEEB7D8B-0442-418E-B2C3-90F6AEC7CB57}.Release|Any CPU.ActiveCfg = Release|Any CPU
		{BEEB7D8B-0442-418E-B2C3-90F6AEC7CB57}.Release|Any CPU.Build.0 = Release|Any CPU
	EndGlobalSection
	GlobalSection(SolutionProperties) = preSolution
		HideSolutionNode = FALSE
	EndGlobalSection
	GlobalSection(ExtensibilityGlobals) = postSolution
		SolutionGuid = {1C433402-897F-4DE4-955B-D92ED2F9E9CE}
	EndGlobalSection
EndGlobal
